
Microsoft Visual Studio Solution File, Format Version 12.00
# Visual Studio Version 16
VisualStudioVersion = 16.0.31229.75
MinimumVisualStudioVersion = 10.0.40219.1
Project("{FAE04EC0-301F-11D3-BF4B-00C04F79EFBC}") = "DITest", "DITest\DITest.csproj", "{7D85C956-8A9C-494D-A1CB-C513E1406675}"
EndProject
Project("{FAE04EC0-301F-11D3-BF4B-00C04F79EFBC}") = "DITestTest", "DITestTest\DITestTest.csproj", "{C730F3C5-16E6-4F3A-9CEF-2E205A4BE722}"
EndProject
Global
	GlobalSection(SolutionConfigurationPlatforms) = preSolution
		Debug|Any CPU = Debug|Any CPU
		Release|Any CPU = Release|Any CPU
	EndGlobalSection
	GlobalSection(ProjectConfigurationPlatforms) = postSolution
		{7D85C956-8A9C-494D-A1CB-C513E1406675}.Debug|Any CPU.ActiveCfg = Debug|Any CPU
		{7D85C956-8A9C-494D-A1CB-C513E1406675}.Debug|Any CPU.Build.0 = Debug|Any CPU
		{7D85C956-8A9C-494D-A1CB-C513E1406675}.Release|Any CPU.ActiveCfg = Release|Any CPU
		{7D85C956-8A9C-494D-A1CB-C513E1406675}.Release|Any CPU.Build.0 = Release|Any CPU
		{C730F3C5-16E6-4F3A-9CEF-2E205A4BE722}.Debug|Any CPU.ActiveCfg = Debug|Any CPU
		{C730F3C5-16E6-4F3A-9CEF-2E205A4BE722}.Debug|Any CPU.Build.0 = Debug|Any CPU
		{C730F3C5-16E6-4F3A-9CEF-2E205A4BE722}.Release|Any CPU.ActiveCfg = Release|Any CPU
		{C730F3C5-16E6-4F3A-9CEF-2E205A4BE722}.Release|Any CPU.Build.0 = Release|Any CPU
	EndGlobalSection
	GlobalSection(SolutionProperties) = preSolution
		HideSolutionNode = FALSE
	EndGlobalSection
	GlobalSection(ExtensibilityGlobals) = postSolution
		SolutionGuid = {9C8588C5-A02D-4DB2-BA73-DC810483F24D}
	EndGlobalSection
EndGlobal
